
Microsoft Visual Studio Solution File, Format Version 12.00
# Visual Studio Version 17
VisualStudioVersion = 17.10.35013.160
MinimumVisualStudioVersion = 10.0.40219.1
Project("{FAE04EC0-301F-11D3-BF4B-00C04F79EFBC}") = "princpipio de abierot y cerrado (OCP)", "princpipio de abierot y cerrado (OCP).csproj", "{E852E938-7BD3-4F59-9811-4D0E5AA84225}"
EndProject
Global
	GlobalSection(SolutionConfigurationPlatforms) = preSolution
		Debug|Any CPU = Debug|Any CPU
		Release|Any CPU = Release|Any CPU
	EndGlobalSection
	GlobalSection(ProjectConfigurationPlatforms) = postSolution
		{E852E938-7BD3-4F59-9811-4D0E5AA84225}.Debug|Any CPU.ActiveCfg = Debug|Any CPU
		{E852E938-7BD3-4F59-9811-4D0E5AA84225}.Debug|Any CPU.Build.0 = Debug|Any CPU
		{E852E938-7BD3-4F59-9811-4D0E5AA84225}.Release|Any CPU.ActiveCfg = Release|Any CPU
		{E852E938-7BD3-4F59-9811-4D0E5AA84225}.Release|Any CPU.Build.0 = Release|Any CPU
	EndGlobalSection
	GlobalSection(SolutionProperties) = preSolution
		HideSolutionNode = FALSE
	EndGlobalSection
	GlobalSection(ExtensibilityGlobals) = postSolution
		SolutionGuid = {F4CF22EF-79C4-4FCD-99A6-3196E6141F18}
	EndGlobalSection
EndGlobal
